
Microsoft Visual Studio Solution File, Format Version 12.00
# Visual Studio Version 17
VisualStudioVersion = 17.10.35004.147
MinimumVisualStudioVersion = 10.0.40219.1
Project("{8BC9CEB8-8B4A-11D0-8D11-00A0C91BC942}") = "Jogo da Forca", "Jogo da Forca\Jogo da Forca.vcxproj", "{EB6F5AD1-33DC-46BD-B0ED-C6F599761CDE}"
EndProject
Global
	GlobalSection(SolutionConfigurationPlatforms) = preSolution
		Debug|x64 = Debug|x64
		Debug|x86 = Debug|x86
		Release|x64 = Release|x64
		Release|x86 = Release|x86
	EndGlobalSection
	GlobalSection(ProjectConfigurationPlatforms) = postSolution
		{EB6F5AD1-33DC-46BD-B0ED-C6F599761CDE}.Debug|x64.ActiveCfg = Debug|x64
		{EB6F5AD1-33DC-46BD-B0ED-C6F599761CDE}.Debug|x64.Build.0 = Debug|x64
		{EB6F5AD1-33DC-46BD-B0ED-C6F599761CDE}.Debug|x86.ActiveCfg = Debug|Win32
		{EB6F5AD1-33DC-46BD-B0ED-C6F599761CDE}.Debug|x86.Build.0 = Debug|Win32
		{EB6F5AD1-33DC-46BD-B0ED-C6F599761CDE}.Release|x64.ActiveCfg = Release|x64
		{EB6F5AD1-33DC-46BD-B0ED-C6F599761CDE}.Release|x64.Build.0 = Release|x64
		{EB6F5AD1-33DC-46BD-B0ED-C6F599761CDE}.Release|x86.ActiveCfg = Release|Win32
		{EB6F5AD1-33DC-46BD-B0ED-C6F599761CDE}.Release|x86.Build.0 = Release|Win32
	EndGlobalSection
	GlobalSection(SolutionProperties) = preSolution
		HideSolutionNode = FALSE
	EndGlobalSection
	GlobalSection(ExtensibilityGlobals) = postSolution
		SolutionGuid = {B065F328-453F-4DE2-B67F-6BC15C0CDAF9}
	EndGlobalSection
EndGlobal
